
Microsoft Visual Studio Solution File, Format Version 12.00
# Visual Studio Version 17
VisualStudioVersion = 17.10.34916.146
MinimumVisualStudioVersion = 10.0.40219.1
Project("{FAE04EC0-301F-11D3-BF4B-00C04F79EFBC}") = "CMCS_POE_PROG6212", "CMCS_POE_PROG6212\CMCS_POE_PROG6212.csproj", "{32E2CC17-E5F1-4EEF-9895-C1E0B34CDEFF}"
EndProject
Global
	GlobalSection(SolutionConfigurationPlatforms) = preSolution
		Debug|Any CPU = Debug|Any CPU
		Release|Any CPU = Release|Any CPU
	EndGlobalSection
	GlobalSection(ProjectConfigurationPlatforms) = postSolution
		{32E2CC17-E5F1-4EEF-9895-C1E0B34CDEFF}.Debug|Any CPU.ActiveCfg = Debug|Any CPU
		{32E2CC17-E5F1-4EEF-9895-C1E0B34CDEFF}.Debug|Any CPU.Build.0 = Debug|Any CPU
		{32E2CC17-E5F1-4EEF-9895-C1E0B34CDEFF}.Release|Any CPU.ActiveCfg = Release|Any CPU
		{32E2CC17-E5F1-4EEF-9895-C1E0B34CDEFF}.Release|Any CPU.Build.0 = Release|Any CPU
	EndGlobalSection
	GlobalSection(SolutionProperties) = preSolution
		HideSolutionNode = FALSE
	EndGlobalSection
	GlobalSection(ExtensibilityGlobals) = postSolution
		SolutionGuid = {D4879B31-172F-4B45-9B1B-9BF4E74B3735}
	EndGlobalSection
EndGlobal
